
Microsoft Visual Studio Solution File, Format Version 12.00
# Visual Studio Version 17
VisualStudioVersion = 17.14.36221.1 d17.14
MinimumVisualStudioVersion = 10.0.40219.1
Project("{FAE04EC0-301F-11D3-BF4B-00C04F79EFBC}") = "MyWorkingWebPage", "MyWorkingWebPage\MyWorkingWebPage\MyWorkingWebPage.csproj", "{51CA950C-A768-46EF-819A-81328E091777}"
EndProject
Project("{FAE04EC0-301F-11D3-BF4B-00C04F79EFBC}") = "MyWorkingWebPage.Client", "MyWorkingWebPage\MyWorkingWebPage.Client\MyWorkingWebPage.Client.csproj", "{2BB8B956-4761-4D3C-BE6C-B555E85901ED}"
EndProject
Global
	GlobalSection(SolutionConfigurationPlatforms) = preSolution
		Debug|Any CPU = Debug|Any CPU
		Release|Any CPU = Release|Any CPU
	EndGlobalSection
	GlobalSection(ProjectConfigurationPlatforms) = postSolution
		{51CA950C-A768-46EF-819A-81328E091777}.Debug|Any CPU.ActiveCfg = Debug|Any CPU
		{51CA950C-A768-46EF-819A-81328E091777}.Debug|Any CPU.Build.0 = Debug|Any CPU
		{51CA950C-A768-46EF-819A-81328E091777}.Release|Any CPU.ActiveCfg = Release|Any CPU
		{51CA950C-A768-46EF-819A-81328E091777}.Release|Any CPU.Build.0 = Release|Any CPU
		{2BB8B956-4761-4D3C-BE6C-B555E85901ED}.Debug|Any CPU.ActiveCfg = Debug|Any CPU
		{2BB8B956-4761-4D3C-BE6C-B555E85901ED}.Debug|Any CPU.Build.0 = Debug|Any CPU
		{2BB8B956-4761-4D3C-BE6C-B555E85901ED}.Release|Any CPU.ActiveCfg = Release|Any CPU
		{2BB8B956-4761-4D3C-BE6C-B555E85901ED}.Release|Any CPU.Build.0 = Release|Any CPU
	EndGlobalSection
	GlobalSection(SolutionProperties) = preSolution
		HideSolutionNode = FALSE
	EndGlobalSection
	GlobalSection(ExtensibilityGlobals) = postSolution
		SolutionGuid = {7AD4BB2E-9F9C-46B5-9FE7-91125946A3B8}
	EndGlobalSection
EndGlobal
